
Microsoft Visual Studio Solution File, Format Version 11.00
# Visual Studio 2010
Project("{8BC9CEB8-8B4A-11D0-8D11-00A0C91BC942}") = "Sorting", "Sorting.vcxproj", "{58B81E47-7E54-02F1-71CD-A87668B3C2CD}"
EndProject
Global
	GlobalSection(SolutionConfigurationPlatforms) = preSolution
		Debug|Win32 = Debug|Win32
		Release|Win32 = Release|Win32
	EndGlobalSection
	GlobalSection(ProjectConfigurationPlatforms) = postSolution
		{58B81E47-7E54-02F1-71CD-A87668B3C2CD}.Debug|Win32.ActiveCfg = Debug|Win32
		{58B81E47-7E54-02F1-71CD-A87668B3C2CD}.Debug|Win32.Build.0 = Debug|Win32
		{58B81E47-7E54-02F1-71CD-A87668B3C2CD}.Release|Win32.ActiveCfg = Release|Win32
		{58B81E47-7E54-02F1-71CD-A87668B3C2CD}.Release|Win32.Build.0 = Release|Win32
	EndGlobalSection
	GlobalSection(SolutionProperties) = preSolution
		HideSolutionNode = FALSE
	EndGlobalSection
EndGlobal
